
Microsoft Visual Studio Solution File, Format Version 12.00
# Visual Studio Version 16
VisualStudioVersion = 16.0.32510.428
MinimumVisualStudioVersion = 10.0.40219.1
Project("{FAE04EC0-301F-11D3-BF4B-00C04F79EFBC}") = "CustomerApi", "CustomerApi\CustomerApi.csproj", "{10281425-E302-4B41-9D06-289CE0945A5E}"
EndProject
Global
	GlobalSection(SolutionConfigurationPlatforms) = preSolution
		Debug|Any CPU = Debug|Any CPU
		Release|Any CPU = Release|Any CPU
	EndGlobalSection
	GlobalSection(ProjectConfigurationPlatforms) = postSolution
		{10281425-E302-4B41-9D06-289CE0945A5E}.Debug|Any CPU.ActiveCfg = Debug|Any CPU
		{10281425-E302-4B41-9D06-289CE0945A5E}.Debug|Any CPU.Build.0 = Debug|Any CPU
		{10281425-E302-4B41-9D06-289CE0945A5E}.Release|Any CPU.ActiveCfg = Release|Any CPU
		{10281425-E302-4B41-9D06-289CE0945A5E}.Release|Any CPU.Build.0 = Release|Any CPU
	EndGlobalSection
	GlobalSection(SolutionProperties) = preSolution
		HideSolutionNode = FALSE
	EndGlobalSection
	GlobalSection(ExtensibilityGlobals) = postSolution
		SolutionGuid = {A408F6CB-30B2-4F6E-97DB-6965E6298845}
	EndGlobalSection
EndGlobal
